
Microsoft Visual Studio Solution File, Format Version 12.00
# Visual Studio Version 16
VisualStudioVersion = 16.0.31205.134
MinimumVisualStudioVersion = 10.0.40219.1
Project("{888888A0-9F3D-457C-B088-3A5042F75D52}") = "bayes_classifier_multi", "bayes_classifier_multi\bayes_classifier_multi.pyproj", "{7C149A7B-3974-4657-AD3F-6EF117F7C909}"
EndProject
Global
	GlobalSection(SolutionConfigurationPlatforms) = preSolution
		Debug|Any CPU = Debug|Any CPU
		Release|Any CPU = Release|Any CPU
	EndGlobalSection
	GlobalSection(ProjectConfigurationPlatforms) = postSolution
		{7C149A7B-3974-4657-AD3F-6EF117F7C909}.Debug|Any CPU.ActiveCfg = Debug|Any CPU
		{7C149A7B-3974-4657-AD3F-6EF117F7C909}.Release|Any CPU.ActiveCfg = Release|Any CPU
	EndGlobalSection
	GlobalSection(SolutionProperties) = preSolution
		HideSolutionNode = FALSE
	EndGlobalSection
	GlobalSection(ExtensibilityGlobals) = postSolution
		SolutionGuid = {F2B819DD-BF21-40E3-9A72-F827B9C8B55C}
	EndGlobalSection
EndGlobal
